
Microsoft Visual Studio Solution File, Format Version 12.00
# Visual Studio Version 17
VisualStudioVersion = 17.5.33502.453
MinimumVisualStudioVersion = 10.0.40219.1
Project("{FAE04EC0-301F-11D3-BF4B-00C04F79EFBC}") = "nma-graphics", "nma-graphics.csproj", "{7D78DBD6-DE50-4187-A961-CAF0D1AA690B}"
EndProject
Global
	GlobalSection(SolutionConfigurationPlatforms) = preSolution
		Debug|Any CPU = Debug|Any CPU
		Release|Any CPU = Release|Any CPU
	EndGlobalSection
	GlobalSection(ProjectConfigurationPlatforms) = postSolution
		{7D78DBD6-DE50-4187-A961-CAF0D1AA690B}.Debug|Any CPU.ActiveCfg = Debug|Any CPU
		{7D78DBD6-DE50-4187-A961-CAF0D1AA690B}.Debug|Any CPU.Build.0 = Debug|Any CPU
		{7D78DBD6-DE50-4187-A961-CAF0D1AA690B}.Release|Any CPU.ActiveCfg = Release|Any CPU
		{7D78DBD6-DE50-4187-A961-CAF0D1AA690B}.Release|Any CPU.Build.0 = Release|Any CPU
	EndGlobalSection
	GlobalSection(SolutionProperties) = preSolution
		HideSolutionNode = FALSE
	EndGlobalSection
	GlobalSection(ExtensibilityGlobals) = postSolution
		SolutionGuid = {681C700A-36BC-4D7F-AF9C-186D00BA175C}
	EndGlobalSection
EndGlobal
